// !$*UTF8*$!
{
	archiveVersion = 1;
	classes = {
	};
	objectVersion = 46;
	objects = {

/* Begin PBXBuildFile section */
		825968E71E1E34FD008939B1 /* main.m in Sources */ = {isa = PBXBuildFile; fileRef = 825968E61E1E34FD008939B1 /* main.m */; };
		825968EA1E1E34FD008939B1 /* AppDelegate.m in Sources */ = {isa = PBXBuildFile; fileRef = 825968E91E1E34FD008939B1 /* AppDelegate.m */; };
		825968ED1E1E34FD008939B1 /* ViewController.m in Sources */ = {isa = PBXBuildFile; fileRef = 825968EC1E1E34FD008939B1 /* ViewController.m */; };
		825968F01E1E34FD008939B1 /* Main.storyboard in Resources */ = {isa = PBXBuildFile; fileRef = 825968EE1E1E34FD008939B1 /* Main.storyboard */; };
		825968F21E1E34FD008939B1 /* Assets.xcassets in Resources */ = {isa = PBXBuildFile; fileRef = 825968F11E1E34FD008939B1 /* Assets.xcassets */; };
		825968F51E1E34FD008939B1 /* LaunchScreen.storyboard in Resources */ = {isa = PBXBuildFile; fileRef = 825968F31E1E34FD008939B1 /* LaunchScreen.storyboard */; };
		825969001E1E34FD008939B1 /* testTests.m in Sources */ = {isa = PBXBuildFile; fileRef = 825968FF1E1E34FD008939B1 /* testTests.m */; };
		8259690B1E1E34FE008939B1 /* testUITests.m in Sources */ = {isa = PBXBuildFile; fileRef = 8259690A1E1E34FE008939B1 /* testUITests.m */; };
/* End PBXBuildFile section */

/* Begin PBXContainerItemProxy section */
		825968FC1E1E34FD008939B1 /* PBXContainerItemProxy */ = {
			isa = PBXContainerItemProxy;
			containerPortal = 825968DA1E1E34FD008939B1 /* Project object */;
			proxyType = 1;
			remoteGlobalIDString = 825968E11E1E34FD008939B1;
			remoteInfo = test;
		};
		825969071E1E34FE008939B1 /* PBXContainerItemProxy */ = {
			isa = PBXContainerItemProxy;
			containerPortal = 825968DA1E1E34FD008939B1 /* Project object */;
			proxyType = 1;
			remoteGlobalIDString = 825968E11E1E34FD008939B1;
			remoteInfo = test;
		};
/* End PBXContainerItemProxy section */

/* Begin PBXFileReference section */
		825968E21E1E34FD008939B1 /* test.app */ = {isa = PBXFileReference; explicitFileType = wrapper.application; includeInIndex = 0; path = test.app; sourceTree = BUILT_PRODUCTS_DIR; };
		825968E61E1E34FD008939B1 /* main.m */ = {isa = PBXFileReference; lastKnownFileType = sourcecode.c.objc; path = main.m; sourceTree = "<group>"; };
		825968E81E1E34FD008939B1 /* AppDelegate.h */ = {isa = PBXFileReference; lastKnownFileType = sourcecode.c.h; path = AppDelegate.h; sourceTree = "<group>"; };
		825968E91E1E34FD008939B1 /* AppDelegate.m */ = {isa = PBXFileReference; lastKnownFileType = sourcecode.c.objc; path = AppDelegate.m; sourceTree = "<group>"; };
		825968EB1E1E34FD008939B1 /* ViewController.h */ = {isa = PBXFileReference; lastKnownFileType = sourcecode.c.h; path = ViewController.h; sourceTree = "<group>"; };
		825968EC1E1E34FD008939B1 /* ViewController.m */ = {isa = PBXFileReference; lastKnownFileType = sourcecode.c.objc; path = ViewController.m; sourceTree = "<group>"; };
		825968EF1E1E34FD008939B1 /* Base */ = {isa = PBXFileReference; lastKnownFileType = file.storyboard; name = Base; path = Base.lproj/Main.storyboard; sourceTree = "<group>"; };
		825968F11E1E34FD008939B1 /* Assets.xcassets */ = {isa = PBXFileReference; lastKnownFileType = folder.assetcatalog; path = Assets.xcassets; sourceTree = "<group>"; };
		825968F41E1E34FD008939B1 /* Base */ = {isa = PBXFileReference; lastKnownFileType = file.storyboard; name = Base; path = Base.lproj/LaunchScreen.storyboard; sourceTree = "<group>"; };
		825968F61E1E34FD008939B1 /* Info.plist */ = {isa = PBXFileReference; lastKnownFileType = text.plist.xml; path = Info.plist; sourceTree = "<group>"; };
		825968FB1E1E34FD008939B1 /* testTests.xctest */ = {isa = PBXFileReference; explicitFileType = wrapper.cfbundle; includeInIndex = 0; path = testTests.xctest; sourceTree = BUILT_PRODUCTS_DIR; };
		825968FF1E1E34FD008939B1 /* testTests.m */ = {isa = PBXFileReference; lastKnownFileType = sourcecode.c.objc; path = testTests.m; sourceTree = "<group>"; };
		825969011E1E34FD008939B1 /* Info.plist */ = {isa = PBXFileReference; lastKnownFileType = text.plist.xml; path = Info.plist; sourceTree = "<group>"; };
		825969061E1E34FE008939B1 /* testUITests.xctest */ = {isa = PBXFileReference; explicitFileType = wrapper.cfbundle; includeInIndex = 0; path = testUITests.xctest; sourceTree = BUILT_PRODUCTS_DIR; };
		8259690A1E1E34FE008939B1 /* testUITests.m */ = {isa = PBXFileReference; lastKnownFileType = sourcecode.c.objc; path = testUITests.m; sourceTree = "<group>"; };
		8259690C1E1E34FE008939B1 /* Info.plist */ = {isa = PBXFileReference; lastKnownFileType = text.plist.xml; path = Info.plist; sourceTree = "<group>"; };
/* End PBXFileReference section */

/* Begin PBXFrameworksBuildPhase section */
		825968DF1E1E34FD008939B1 /* Frameworks */ = {
			isa = PBXFrameworksBuildPhase;
			buildActionMask = 2147483647;
			files = (
			);
			runOnlyForDeploymentPostprocessing = 0;
		};
		825968F81E1E34FD008939B1 /* Frameworks */ = {
			isa = PBXFrameworksBuildPhase;
			buildActionMask = 2147483647;
			files = (
			);
			runOnlyForDeploymentPostprocessing = 0;
		};
		825969031E1E34FE008939B1 /* Frameworks */ = {
			isa = PBXFrameworksBuildPhase;
			buildActionMask = 2147483647;
			files = (
			);
			runOnlyForDeploymentPostprocessing = 0;
		};
/* End PBXFrameworksBuildPhase section */

/* Begin PBXGroup section */
		825968D91E1E34FD008939B1 = {
			isa = PBXGroup;
			children = (
				825968E41E1E34FD008939B1 /* test */,
				825968FE1E1E34FD008939B1 /* testTests */,
				825969091E1E34FE008939B1 /* testUITests */,
				825968E31E1E34FD008939B1 /* Products */,
			);
			sourceTree = "<group>";
		};
		825968E31E1E34FD008939B1 /* Products */ = {
			isa = PBXGroup;
			children = (
				825968E21E1E34FD008939B1 /* test.app */,
				825968FB1E1E34FD008939B1 /* testTests.xctest */,
				825969061E1E34FE008939B1 /* testUITests.xctest */,
			);
			name = Products;
			sourceTree = "<group>";
		};
		825968E41E1E34FD008939B1 /* test */ = {
			isa = PBXGroup;
			children = (
				825968E81E1E34FD008939B1 /* AppDelegate.h */,
				825968E91E1E34FD008939B1 /* AppDelegate.m */,
				825968EB1E1E34FD008939B1 /* ViewController.h */,
				825968EC1E1E34FD008939B1 /* ViewController.m */,
				825968EE1E1E34FD008939B1 /* Main.storyboard */,
				825968F11E1E34FD008939B1 /* Assets.xcassets */,
				825968F31E1E34FD008939B1 /* LaunchScreen.storyboard */,
				825968F61E1E34FD008939B1 /* Info.plist */,
				825968E51E1E34FD008939B1 /* Supporting Files */,
			);
			path = test;
			sourceTree = "<group>";
		};
		825968E51E1E34FD008939B1 /* Supporting Files */ = {
			isa = PBXGroup;
			children = (
				825968E61E1E34FD008939B1 /* main.m */,
			);
			name = "Supporting Files";
			sourceTree = "<group>";
		};
		825968FE1E1E34FD008939B1 /* testTests */ = {
			isa = PBXGroup;
			children = (
				825968FF1E1E34FD008939B1 /* testTests.m */,
				825969011E1E34FD008939B1 /* Info.plist */,
			);
			path = testTests;
			sourceTree = "<group>";
		};
		825969091E1E34FE008939B1 /* testUITests */ = {
			isa = PBXGroup;
			children = (
				8259690A1E1E34FE008939B1 /* testUITests.m */,
				8259690C1E1E34FE008939B1 /* Info.plist */,
			);
			path = testUITests;
			sourceTree = "<group>";
		};
/* End PBXGroup section */

/* Begin PBXNativeTarget section */
		825968E11E1E34FD008939B1 /* test */ = {
			isa = PBXNativeTarget;
			buildConfigurationList = 8259690F1E1E34FE008939B1 /* Build configuration list for PBXNativeTarget "test" */;
			buildPhases = (
				825968DE1E1E34FD008939B1 /* Sources */,
				825968DF1E1E34FD008939B1 /* Frameworks */,
				825968E01E1E34FD008939B1 /* Resources */,
			);
			buildRules = (
			);
			dependencies = (
			);
			name = test;
			productName = test;
			productReference = 825968E21E1E34FD008939B1 /* test.app */;
			productType = "com.apple.product-type.application";
		};
		825968FA1E1E34FD008939B1 /* testTests */ = {
			isa = PBXNativeTarget;
			buildConfigurationList = 825969121E1E34FE008939B1 /* Build configuration list for PBXNativeTarget "testTests" */;
			buildPhases = (
				825968F71E1E34FD008939B1 /* Sources */,
				825968F81E1E34FD008939B1 /* Frameworks */,
				825968F91E1E34FD008939B1 /* Resources */,
			);
			buildRules = (
			);
			dependencies = (
				825968FD1E1E34FD008939B1 /* PBXTargetDependency */,
			);
			name = testTests;
			productName = testTests;
			productReference = 825968FB1E1E34FD008939B1 /* testTests.xctest */;
			productType = "com.apple.product-type.bundle.unit-test";
		};
		825969051E1E34FE008939B1 /* testUITests */ = {
			isa = PBXNativeTarget;
			buildConfigurationList = 825969151E1E34FE008939B1 /* Build configuration list for PBXNativeTarget "testUITests" */;
			buildPhases = (
				825969021E1E34FE008939B1 /* Sources */,
				825969031E1E34FE008939B1 /* Frameworks */,
				825969041E1E34FE008939B1 /* Resources */,
			);
			buildRules = (
			);
			dependencies = (
				825969081E1E34FE008939B1 /* PBXTargetDependency */,
			);
			name = testUITests;
			productName = testUITests;
			productReference = 825969061E1E34FE008939B1 /* testUITests.xctest */;
			productType = "com.apple.product-type.bundle.ui-testing";
		};
/* End PBXNativeTarget section */

/* Begin PBXProject section */
		825968DA1E1E34FD008939B1 /* Project object */ = {
			isa = PBXProject;
			attributes = {
				LastUpgradeCheck = 0820;
				ORGANIZATIONNAME = ASSUNER;
				TargetAttributes = {
					825968E11E1E34FD008939B1 = {
						CreatedOnToolsVersion = 8.2.1;
						ProvisioningStyle = Automatic;
					};
					825968FA1E1E34FD008939B1 = {
						CreatedOnToolsVersion = 8.2.1;
						ProvisioningStyle = Automatic;
						TestTargetID = 825968E11E1E34FD008939B1;
					};
					825969051E1E34FE008939B1 = {
						CreatedOnToolsVersion = 8.2.1;
						ProvisioningStyle = Automatic;
						TestTargetID = 825968E11E1E34FD008939B1;
					};
				};
			};
			buildConfigurationList = 825968DD1E1E34FD008939B1 /* Build configuration list for PBXProject "test" */;
			compatibilityVersion = "Xcode 3.2";
			developmentRegion = English;
			hasScannedForEncodings = 0;
			knownRegions = (
				en,
				Base,
			);
			mainGroup = 825968D91E1E34FD008939B1;
			productRefGroup = 825968E31E1E34FD008939B1 /* Products */;
			projectDirPath = "";
			projectRoot = "";
			targets = (
				825968E11E1E34FD008939B1 /* test */,
				825968FA1E1E34FD008939B1 /* testTests */,
				825969051E1E34FE008939B1 /* testUITests */,
			);
		};
/* End PBXProject section */

/* Begin PBXResourcesBuildPhase section */
		825968E01E1E34FD008939B1 /* Resources */ = {
			isa = PBXResourcesBuildPhase;
			buildActionMask = 2147483647;
			files = (
				825968F51E1E34FD008939B1 /* LaunchScreen.storyboard in Resources */,
				825968F21E1E34FD008939B1 /* Assets.xcassets in Resources */,
				825968F01E1E34FD008939B1 /* Main.storyboard in Resources */,
			);
			runOnlyForDeploymentPostprocessing = 0;
		};
		825968F91E1E34FD008939B1 /* Resources */ = {
			isa = PBXResourcesBuildPhase;
			buildActionMask = 2147483647;
			files = (
			);
			runOnlyForDeploymentPostprocessing = 0;
		};
		825969041E1E34FE008939B1 /* Resources */ = {
			isa = PBXResourcesBuildPhase;
			buildActionMask = 2147483647;
			files = (
			);
			runOnlyForDeploymentPostprocessing = 0;
		};
/* End PBXResourcesBuildPhase section */

/* Begin PBXSourcesBuildPhase section */
		825968DE1E1E34FD008939B1 /* Sources */ = {
			isa = PBXSourcesBuildPhase;
			buildActionMask = 2147483647;
			files = (
				825968ED1E1E34FD008939B1 /* ViewController.m in Sources */,
				825968EA1E1E34FD008939B1 /* AppDelegate.m in Sources */,
				825968E71E1E34FD008939B1 /* main.m in Sources */,
			);
			runOnlyForDeploymentPostprocessing = 0;
		};
		825968F71E1E34FD008939B1 /* Sources */ = {
			isa = PBXSourcesBuildPhase;
			buildActionMask = 2147483647;
			files = (
				825969001E1E34FD008939B1 /* testTests.m in Sources */,
			);
			runOnlyForDeploymentPostprocessing = 0;
		};
		825969021E1E34FE008939B1 /* Sources */ = {
			isa = PBXSourcesBuildPhase;
			buildActionMask = 2147483647;
			files = (
				8259690B1E1E34FE008939B1 /* testUITests.m in Sources */,
			);
			runOnlyForDeploymentPostprocessing = 0;
		};
/* End PBXSourcesBuildPhase section */

/* Begin PBXTargetDependency section */
		825968FD1E1E34FD008939B1 /* PBXTargetDependency */ = {
			isa = PBXTargetDependency;
			target = 825968E11E1E34FD008939B1 /* test */;
			targetProxy = 825968FC1E1E34FD008939B1 /* PBXContainerItemProxy */;
		};
		825969081E1E34FE008939B1 /* PBXTargetDependency */ = {
			isa = PBXTargetDependency;
			target = 825968E11E1E34FD008939B1 /* test */;
			targetProxy = 825969071E1E34FE008939B1 /* PBXContainerItemProxy */;
		};
/* End PBXTargetDependency section */

/* Begin PBXVariantGroup section */
		825968EE1E1E34FD008939B1 /* Main.storyboard */ = {
			isa = PBXVariantGroup;
			children = (
				825968EF1E1E34FD008939B1 /* Base */,
			);
			name = Main.storyboard;
			sourceTree = "<group>";
		};
		825968F31E1E34FD008939B1 /* LaunchScreen.storyboard */ = {
			isa = PBXVariantGroup;
			children = (
				825968F41E1E34FD008939B1 /* Base */,
			);
			name = LaunchScreen.storyboard;
			sourceTree = "<group>";
		};
/* End PBXVariantGroup section */

/* Begin XCBuildConfiguration section */
		8259690D1E1E34FE008939B1 /* Debug */ = {
			isa = XCBuildConfiguration;
			buildSettings = {
				ALWAYS_SEARCH_USER_PATHS = NO;
				CLANG_ANALYZER_NONNULL = YES;
				CLANG_CXX_LANGUAGE_STANDARD = "gnu++0x";
				CLANG_CXX_LIBRARY = "libc++";
				CLANG_ENABLE_MODULES = YES;
				CLANG_ENABLE_OBJC_ARC = YES;
				CLANG_WARN_BOOL_CONVERSION = YES;
				CLANG_WARN_CONSTANT_CONVERSION = YES;
				CLANG_WARN_DIRECT_OBJC_ISA_USAGE = YES_ERROR;
				CLANG_WARN_DOCUMENTATION_COMMENTS = YES;
				CLANG_WARN_EMPTY_BODY = YES;
				CLANG_WARN_ENUM_CONVERSION = YES;
				CLANG_WARN_INFINITE_RECURSION = YES;
				CLANG_WARN_INT_CONVERSION = YES;
				CLANG_WARN_OBJC_ROOT_CLASS = YES_ERROR;
				CLANG_WARN_SUSPICIOUS_MOVE = YES;
				CLANG_WARN_UNREACHABLE_CODE = YES;
				CLANG_WARN__DUPLICATE_METHOD_MATCH = YES;
				"CODE_SIGN_IDENTITY[sdk=iphoneos*]" = "iPhone Developer";
				COPY_PHASE_STRIP = NO;
				DEBUG_INFORMATION_FORMAT = dwarf;
				ENABLE_STRICT_OBJC_MSGSEND = YES;
				ENABLE_TESTABILITY = YES;
				GCC_C_LANGUAGE_STANDARD = gnu99;
				GCC_DYNAMIC_NO_PIC = NO;
				GCC_NO_COMMON_BLOCKS = YES;
				GCC_OPTIMIZATION_LEVEL = 0;
				GCC_PREPROCESSOR_DEFINITIONS = (
					"DEBUG=1",
					"$(inherited)",
				);
				GCC_WARN_64_TO_32_BIT_CONVERSION = YES;
				GCC_WARN_ABOUT_RETURN_TYPE = YES_ERROR;
				GCC_WARN_UNDECLARED_SELECTOR = YES;
				GCC_WARN_UNINITIALIZED_AUTOS = YES_AGGRESSIVE;
				GCC_WARN_UNUSED_FUNCTION = YES;
				GCC_WARN_UNUSED_VARIABLE = YES;
				IPHONEOS_DEPLOYMENT_TARGET = 10.2;
				MTL_ENABLE_DEBUG_INFO = YES;
				ONLY_ACTIVE_ARCH = YES;
				SDKROOT = iphoneos;
				TARGETED_DEVICE_FAMILY = "1,2";
			};
			name = Debug;
		};
		8259690E1E1E34FE008939B1 /* Release */ = {
			isa = XCBuildConfiguration;
			buildSettings = {
				ALWAYS_SEARCH_USER_PATHS = NO;
				CLANG_ANALYZER_NONNULL = YES;
				CLANG_CXX_LANGUAGE_STANDARD = "gnu++0x";
				CLANG_CXX_LIBRARY = "libc++";
				CLANG_ENABLE_MODULES = YES;
				CLANG_ENABLE_OBJC_ARC = YES;
				CLANG_WARN_BOOL_CONVERSION = YES;
				CLANG_WARN_CONSTANT_CONVERSION = YES;
				CLANG_WARN_DIRECT_OBJC_ISA_USAGE = YES_ERROR;
				CLANG_WARN_DOCUMENTATION_COMMENTS = YES;
				CLANG_WARN_EMPTY_BODY = YES;
				CLANG_WARN_ENUM_CONVERSION = YES;
				CLANG_WARN_INFINITE_RECURSION = YES;
				CLANG_WARN_INT_CONVERSION = YES;
				CLANG_WARN_OBJC_ROOT_CLASS = YES_ERROR;
				CLANG_WARN_SUSPICIOUS_MOVE = YES;
				CLANG_WARN_UNREACHABLE_CODE = YES;
				CLANG_WARN__DUPLICATE_METHOD_MATCH = YES;
				"CODE_SIGN_IDENTITY[sdk=iphoneos*]" = "iPhone Developer";
				COPY_PHASE_STRIP = NO;
				DEBUG_INFORMATION_FORMAT = "dwarf-with-dsym";
				ENABLE_NS_ASSERTIONS = NO;
				ENABLE_STRICT_OBJC_MSGSEND = YES;
				GCC_C_LANGUAGE_STANDARD = gnu99;
				GCC_NO_COMMON_BLOCKS = YES;
				GCC_WARN_64_TO_32_BIT_CONVERSION = YES;
				GCC_WARN_ABOUT_RETURN_TYPE = YES_ERROR;
				GCC_WARN_UNDECLARED_SELECTOR = YES;
				GCC_WARN_UNINITIALIZED_AUTOS = YES_AGGRESSIVE;
				GCC_WARN_UNUSED_FUNCTION = YES;
				GCC_WARN_UNUSED_VARIABLE = YES;
				IPHONEOS_DEPLOYMENT_TARGET = 10.2;
				MTL_ENABLE_DEBUG_INFO = NO;
				SDKROOT = iphoneos;
				TARGETED_DEVICE_FAMILY = "1,2";
				VALIDATE_PRODUCT = YES;
			};
			name = Release;
		};
		825969101E1E34FE008939B1 /* Debug */ = {
			isa = XCBuildConfiguration;
			buildSettings = {
				ASSETCATALOG_COMPILER_APPICON_NAME = AppIcon;
				INFOPLIST_FILE = test/Info.plist;
				LD_RUNPATH_SEARCH_PATHS = "$(inherited) @executable_path/Frameworks";
				PRODUCT_BUNDLE_IDENTIFIER = ele.me.test;
				PRODUCT_NAME = "$(TARGET_NAME)";
			};
			name = Debug;
		};
		825969111E1E34FE008939B1 /* Release */ = {
			isa = XCBuildConfiguration;
			buildSettings = {
				ASSETCATALOG_COMPILER_APPICON_NAME = AppIcon;
				INFOPLIST_FILE = test/Info.plist;
				LD_RUNPATH_SEARCH_PATHS = "$(inherited) @executable_path/Frameworks";
				PRODUCT_BUNDLE_IDENTIFIER = ele.me.test;
				PRODUCT_NAME = "$(TARGET_NAME)";
			};
			name = Release;
		};
		825969131E1E34FE008939B1 /* Debug */ = {
			isa = XCBuildConfiguration;
			buildSettings = {
				BUNDLE_LOADER = "$(TEST_HOST)";
				INFOPLIST_FILE = testTests/Info.plist;
				LD_RUNPATH_SEARCH_PATHS = "$(inherited) @executable_path/Frameworks @loader_path/Frameworks";
				PRODUCT_BUNDLE_IDENTIFIER = ele.me.testTests;
				PRODUCT_NAME = "$(TARGET_NAME)";
				TEST_HOST = "$(BUILT_PRODUCTS_DIR)/test.app/test";
			};
			name = Debug;
		};
		825969141E1E34FE008939B1 /* Release */ = {
			isa = XCBuildConfiguration;
			buildSettings = {
				BUNDLE_LOADER = "$(TEST_HOST)";
				INFOPLIST_FILE = testTests/Info.plist;
				LD_RUNPATH_SEARCH_PATHS = "$(inherited) @executable_path/Frameworks @loader_path/Frameworks";
				PRODUCT_BUNDLE_IDENTIFIER = ele.me.testTests;
				PRODUCT_NAME = "$(TARGET_NAME)";
				TEST_HOST = "$(BUILT_PRODUCTS_DIR)/test.app/test";
			};
			name = Release;
		};
		825969161E1E34FE008939B1 /* Debug */ = {
			isa = XCBuildConfiguration;
			buildSettings = {
				INFOPLIST_FILE = testUITests/Info.plist;
				LD_RUNPATH_SEARCH_PATHS = "$(inherited) @executable_path/Frameworks @loader_path/Frameworks";
				PRODUCT_BUNDLE_IDENTIFIER = ele.me.testUITests;
				PRODUCT_NAME = "$(TARGET_NAME)";
				TEST_TARGET_NAME = test;
			};
			name = Debug;
		};
		825969171E1E34FE008939B1 /* Release */ = {
			isa = XCBuildConfiguration;
			buildSettings = {
				INFOPLIST_FILE = testUITests/Info.plist;
				LD_RUNPATH_SEARCH_PATHS = "$(inherited) @executable_path/Frameworks @loader_path/Frameworks";
				PRODUCT_BUNDLE_IDENTIFIER = ele.me.testUITests;
				PRODUCT_NAME = "$(TARGET_NAME)";
				TEST_TARGET_NAME = test;
			};
			name = Release;
		};
/* End XCBuildConfiguration section */

/* Begin XCConfigurationList section */
		825968DD1E1E34FD008939B1 /* Build configuration list for PBXProject "test" */ = {
			isa = XCConfigurationList;
			buildConfigurations = (
				8259690D1E1E34FE008939B1 /* Debug */,
				8259690E1E1E34FE008939B1 /* Release */,
			);
			defaultConfigurationIsVisible = 0;
			defaultConfigurationName = Release;
		};
		8259690F1E1E34FE008939B1 /* Build configuration list for PBXNativeTarget "test" */ = {
			isa = XCConfigurationList;
			buildConfigurations = (
				825969101E1E34FE008939B1 /* Debug */,
				825969111E1E34FE008939B1 /* Release */,
			);
			defaultConfigurationIsVisible = 0;
		};
		825969121E1E34FE008939B1 /* Build configuration list for PBXNativeTarget "testTests" */ = {
			isa = XCConfigurationList;
			buildConfigurations = (
				825969131E1E34FE008939B1 /* Debug */,
				825969141E1E34FE008939B1 /* Release */,
			);
			defaultConfigurationIsVisible = 0;
		};
		825969151E1E34FE008939B1 /* Build configuration list for PBXNativeTarget "testUITests" */ = {
			isa = XCConfigurationList;
			buildConfigurations = (
				825969161E1E34FE008939B1 /* Debug */,
				825969171E1E34FE008939B1 /* Release */,
			);
			defaultConfigurationIsVisible = 0;
		};
/* End XCConfigurationList section */
	};
	rootObject = 825968DA1E1E34FD008939B1 /* Project object */;
}
